dependencies:
- name: postgresql
  repository: file://../chart-dependency/postgresql
  version: 13.4.2
- name: kafka
  repository: file://../chart-dependency/kafka
  version: 26.8.3
digest: sha256:9ee258e37a8f61c0d6b20f7d360a2e2b4624b1d174f642bdcca6a54357bb8eab
generated: "2024-01-28T21:05:33.785616646+03:30"
